// !$*UTF8*$!
{
	archiveVersion = 1;
	classes = {
	};
	objectVersion = 77;
	objects = {

/* Begin PBXBuildFile section */
		0D081CBA0C9D9CA09E965544 /* ExpertLabSheet.swift in Sources */ = {isa = PBXBuildFile; fileRef = 4C296A3B1A49CC4E9F66206B /* ExpertLabSheet.swift */; };
		1350DC561DC1FA5F6526A645 /* IntentPruneModels.swift in Sources */ = {isa = PBXBuildFile; fileRef = 22FBFCDC589F9873C3187671 /* IntentPruneModels.swift */; };
		205C14AFA0822C693EADFF4E /* PublishToHuggingFaceSheet.swift in Sources */ = {isa = PBXBuildFile; fileRef = AA263C1681E544386558CE46 /* PublishToHuggingFaceSheet.swift */; };
		24A011FB3F5C0B384EFD643A /* WizardStepContinueGateTests.swift in Sources */ = {isa = PBXBuildFile; fileRef = 4B8E1B0E2161A35807B83BC8 /* WizardStepContinueGateTests.swift */; };
		24AAFCAE1FAB83029D95D1F6 /* ExpertLabWorkflowFlowTests.swift in Sources */ = {isa = PBXBuildFile; fileRef = F49A8697679D397C8728D18C /* ExpertLabWorkflowFlowTests.swift */; };
		25C84B0C74922EE8949D4919 /* PublishService.swift in Sources */ = {isa = PBXBuildFile; fileRef = 7DBFFA8816FEFBC7EFF5FF5D /* PublishService.swift */; };
		260ECD26CBB403C8D542EBA4 /* PrequantPruneSheet.swift in Sources */ = {isa = PBXBuildFile; fileRef = 91EAD76714231E2F6319E452 /* PrequantPruneSheet.swift */; };
		268698DABB093D7C391FC033 /* RecommendationService.swift in Sources */ = {isa = PBXBuildFile; fileRef = D04AD44A81E1DAF14ED12741 /* RecommendationService.swift */; };
		2CA760527194D4934549CBB9 /* WizardCoordinator.swift in Sources */ = {isa = PBXBuildFile; fileRef = A55E86AE1E8A9CA41738204F /* WizardCoordinator.swift */; };
		31609FAB841A779F08378B8D /* RecommendationServiceTests.swift in Sources */ = {isa = PBXBuildFile; fileRef = 59F644F50402BD3021339580 /* RecommendationServiceTests.swift */; };
		33F6AA5CCCA39B8E97910D8A /* SourceStep.swift in Sources */ = {isa = PBXBuildFile; fileRef = B60D58AD503750EE0B4438BE /* SourceStep.swift */; };
		361E49E2886C5FDEA36281E6 /* CLIArgsBuilder.swift in Sources */ = {isa = PBXBuildFile; fileRef = B7B997A8EC3B7474A12CA184 /* CLIArgsBuilder.swift */; };
		3932B7208FB8F9E9F0C718E5 /* JSONLProgressParserTests.swift in Sources */ = {isa = PBXBuildFile; fileRef = FE633F589A45A657C4535447 /* JSONLProgressParserTests.swift */; };
		3BAE0452A404B4F7316D7DD9 /* CoverageMatrixTests.swift in Sources */ = {isa = PBXBuildFile; fileRef = 3CC6104D9F16F4EA5D5BDCBD /* CoverageMatrixTests.swift */; };
		3C7221B8650EEAA9127455F4 /* ProfileStep.swift in Sources */ = {isa = PBXBuildFile; fileRef = 5751F4B69FFAD203B180FD6B /* ProfileStep.swift */; };
		411D22571A36869118D0CB81 /* InferenceRunner.swift in Sources */ = {isa = PBXBuildFile; fileRef = D730781F656472007CB478AD /* InferenceRunner.swift */; };
		42CC99F4C90F03FD1B6E9B47 /* RunStep.swift in Sources */ = {isa = PBXBuildFile; fileRef = 2546D3DCECBF31D92E956B39 /* RunStep.swift */; };
		43E8A33E0484F8C7A117929D /* ConversionPlan.swift in Sources */ = {isa = PBXBuildFile; fileRef = E694F8C56C73EE3B6ADC6A9F /* ConversionPlan.swift */; };
		53105BD2CBE7CA7521C5F0B9 /* AppSettings.swift in Sources */ = {isa = PBXBuildFile; fileRef = 2FCD82303D1FFD41734DCCE7 /* AppSettings.swift */; };
		54499F2A52093FDEC1EE83C6 /* VerifyStep.swift in Sources */ = {isa = PBXBuildFile; fileRef = B58A4B8396CA45A4D0FB138F /* VerifyStep.swift */; };
		555B7323A39B9BD97A766B44 /* DiagnosticsBundle.swift in Sources */ = {isa = PBXBuildFile; fileRef = 3A5660F31C79379125E9A6E4 /* DiagnosticsBundle.swift */; };
		583FD10F8DF5B8B59A65E87D /* InferenceRunnerTests.swift in Sources */ = {isa = PBXBuildFile; fileRef = 72D077557A5F5B98F08D9071 /* InferenceRunnerTests.swift */; };
		5AFFDF75A95D4557386797B9 /* QuantizationGuidanceTests.swift in Sources */ = {isa = PBXBuildFile; fileRef = FD0847B837227099F36E3E49 /* QuantizationGuidanceTests.swift */; };
		5CF3EB0BD85E74F7C4A75946 /* PythonRunner.swift in Sources */ = {isa = PBXBuildFile; fileRef = 570938F731FB414081F9CBED /* PythonRunner.swift */; };
		61AB1FE690E52ECD9BF4F047 /* broken_output in Resources */ = {isa = PBXBuildFile; fileRef = D88E45BF47B4C6BE9011652A /* broken_output */; };
		641152AD3B374C0ACFBFE03C /* TestInferenceViewModel.swift in Sources */ = {isa = PBXBuildFile; fileRef = E1A1EBBC25F8952FDB89345F /* TestInferenceViewModel.swift */; };
		66088183C87E8C622FB3A00A /* InfoHint.swift in Sources */ = {isa = PBXBuildFile; fileRef = EF811908F2588183C287B65E /* InfoHint.swift */; };
		69E48802F67A8560875697D3 /* CLIArgsBuilderTests.swift in Sources */ = {isa = PBXBuildFile; fileRef = 277EB647F5B498995EECE22B /* CLIArgsBuilderTests.swift */; };
		6B9F115F2F6B1C5BF471445D /* PreflightRunnerTests.swift in Sources */ = {isa = PBXBuildFile; fileRef = 993FD9B9F5E20A193DCF1127 /* PreflightRunnerTests.swift */; };
		6D1E60F17B76C9066EAEADFC /* ExamplesService.swift in Sources */ = {isa = PBXBuildFile; fileRef = 1E8D05B41D11B2CF1DFB26F2 /* ExamplesService.swift */; };
		7155D2E71F2E7AD410654781 /* IntentPruneViewModel.swift in Sources */ = {isa = PBXBuildFile; fileRef = 61651B35549A2F02F9FFCD3B /* IntentPruneViewModel.swift */; };
		73695D60002F4B8E2C27CE72 /* BundleResolver.swift in Sources */ = {isa = PBXBuildFile; fileRef = 1161C47A976A61EB4165DBF0 /* BundleResolver.swift */; };
		8073F87A5DB5F74B4455F991 /* JANGStudioApp.swift in Sources */ = {isa = PBXBuildFile; fileRef = C9A7DE41A192E92603284F05 /* JANGStudioApp.swift */; };
		822F743644F7DC4E6206745A /* IntentPruneUITests.swift in Sources */ = {isa = PBXBuildFile; fileRef = 17C23E723AD17FD782740DE9 /* IntentPruneUITests.swift */; };
		83996BFAB6CC4FC91EB1D101 /* PythonCLIInvoker.swift in Sources */ = {isa = PBXBuildFile; fileRef = 68500C2831E621A2FA30AB41 /* PythonCLIInvoker.swift */; };
		8C6B306BA4E1A53E53827F7D /* QuantizationGuide.swift in Sources */ = {isa = PBXBuildFile; fileRef = 648254A39ECAE196FCF4B915 /* QuantizationGuide.swift */; };
		8D94FAB61E6661A3E56B0F81 /* CapabilitiesServiceTests.swift in Sources */ = {isa = PBXBuildFile; fileRef = 70BDD0C1E07DF29BE7178909 /* CapabilitiesServiceTests.swift */; };
		913885FBEFFAD974B1C3D518 /* golden_convert_events.jsonl in Resources */ = {isa = PBXBuildFile; fileRef = 4BD8CB3ED2CD8F9F8B6E9963 /* golden_convert_events.jsonl */; };
		926025EF1F0ACF5EB34C94A9 /* IntentPruneCLIArgsBuilder.swift in Sources */ = {isa = PBXBuildFile; fileRef = 2508DDCAE117A6C369C494D0 /* IntentPruneCLIArgsBuilder.swift */; };
		92DC4A57B84EA364FB2BB56A /* ConversionPlanTests.swift in Sources */ = {isa = PBXBuildFile; fileRef = 5D102D611AAAC43B29E3FE7C /* ConversionPlanTests.swift */; };
		9480E209FB0E63DFC3C755D1 /* JSONLProgressParser.swift in Sources */ = {isa = PBXBuildFile; fileRef = 17D4CD2B12CA4893F70B34D5 /* JSONLProgressParser.swift */; };
		986A1274A6118E34D1D57357 /* WizardFlowTests.swift in Sources */ = {isa = PBXBuildFile; fileRef = AE4D059F65E05E1AB8E6BD29 /* WizardFlowTests.swift */; };
		98D7410C9F766F583CE8623C /* PostConvertVerifier.swift in Sources */ = {isa = PBXBuildFile; fileRef = 41F8868FB54726B5242BF9A7 /* PostConvertVerifier.swift */; };
		9A50B4212901B90908B5BD5D /* ModelCardService.swift in Sources */ = {isa = PBXBuildFile; fileRef = E15422D1BC7171E8BB13BA57 /* ModelCardService.swift */; };
		9B4FF75BF334503C8F92146B /* fake_convert.sh in Resources */ = {isa = PBXBuildFile; fileRef = DE026291C8B7860644D728FE /* fake_convert.sh */; };
		9C280F7AB6E1EB5A06F4CA29 /* AppSettingsTests.swift in Sources */ = {isa = PBXBuildFile; fileRef = 07DD3CD29FAA054B4908FCA4 /* AppSettingsTests.swift */; };
		A22D8CA083A82B41F5628F35 /* fake_convert.sh in Resources */ = {isa = PBXBuildFile; fileRef = DE026291C8B7860644D728FE /* fake_convert.sh */; };
		B0984AB1F21931200A033FDE /* JANGKit in Frameworks */ = {isa = PBXBuildFile; productRef = 128CDB5E833B7DB0C551B49C /* JANGKit */; };
		B278F8B8B2628792A05E7D80 /* TestInferenceSheet.swift in Sources */ = {isa = PBXBuildFile; fileRef = D234B511E845AC30646F6D62 /* TestInferenceSheet.swift */; };
		B42A3411A8AD04D61E2AE441 /* DiagnosticsBundleTests.swift in Sources */ = {isa = PBXBuildFile; fileRef = 3D18912DEAFDE1D0067DF29B /* DiagnosticsBundleTests.swift */; };
		B775DFA18A0AF1B202DB3764 /* SettingsWindow.swift in Sources */ = {isa = PBXBuildFile; fileRef = 09F43E4E816CE16F4461846C /* SettingsWindow.swift */; };
		C5517C9469AF39EBBA0AA733 /* ProfilesServiceTests.swift in Sources */ = {isa = PBXBuildFile; fileRef = D2562B5664B3474649948706 /* ProfilesServiceTests.swift */; };
		C88D5FF40404F65016676DCB /* AdoptionServicesTests.swift in Sources */ = {isa = PBXBuildFile; fileRef = 128EC0EE82BC7231E539241C /* AdoptionServicesTests.swift */; };
		CAD24872D288B1B310CFFFF1 /* ChatMessageTests.swift in Sources */ = {isa = PBXBuildFile; fileRef = 4E1675A6232217AFF9BFDD1A /* ChatMessageTests.swift */; };
		CE348E62858A4F31F5D68179 /* BundleResolverTests.swift in Sources */ = {isa = PBXBuildFile; fileRef = 47BAEB29159082E17CC640F8 /* BundleResolverTests.swift */; };
		CF1F4BFE4733DB3C025BEA58 /* PostConvertVerifierTests.swift in Sources */ = {isa = PBXBuildFile; fileRef = 1B32BA9D400197078C4A2AAC /* PostConvertVerifierTests.swift */; };
		D087DCC7408A760204D62F87 /* CapabilitiesService.swift in Sources */ = {isa = PBXBuildFile; fileRef = 4AACB434B97E7FF9C896CD93 /* CapabilitiesService.swift */; };
		D1745BAC50AB625B8B4AD178 /* ChatMessage.swift in Sources */ = {isa = PBXBuildFile; fileRef = 9015C471C0991F1FE5A7C449 /* ChatMessage.swift */; };
		D40090D0FEB1DDA976ED672E /* PythonRunnerTests.swift in Sources */ = {isa = PBXBuildFile; fileRef = 8034E6B623B47CCA640CE7BE /* PythonRunnerTests.swift */; };
		D62D076907E51839A85394A7 /* ProgressEvent.swift in Sources */ = {isa = PBXBuildFile; fileRef = 6828352632D9B1B484170875 /* ProgressEvent.swift */; };
		D98417FDCFA1538BC4E3881E /* IntentPruneView.swift in Sources */ = {isa = PBXBuildFile; fileRef = 7A9C3D1E232290DFC9A24A3C /* IntentPruneView.swift */; };
		E1742144DDF72A4CB64AF44B /* VerifyCheck.swift in Sources */ = {isa = PBXBuildFile; fileRef = 24FFE334F18C9B1B5E7232E9 /* VerifyCheck.swift */; };
		E4B0B2229E63F2A6A18B3A4B /* ProfilesService.swift in Sources */ = {isa = PBXBuildFile; fileRef = CB6996C22CD2CF0F5D29A975 /* ProfilesService.swift */; };
		EA46E2BFBBBAE46976D29566 /* PreflightCheck.swift in Sources */ = {isa = PBXBuildFile; fileRef = A3A7379AF4D578977A7F232C /* PreflightCheck.swift */; };
		EBEC37660E6F0B415009674A /* ExpertPrunePlanBuilderTests.swift in Sources */ = {isa = PBXBuildFile; fileRef = 4A9A321F7DA1A49E0D7B1188 /* ExpertPrunePlanBuilderTests.swift */; };
		F04ED74E2EEED5B24207D23D /* IntentPrunePlanGateTests.swift in Sources */ = {isa = PBXBuildFile; fileRef = 935B3378C8436467A0A2404A /* IntentPrunePlanGateTests.swift */; };
		F2910680EFAE8DFC4A96AE5E /* PythonCLIInvokerTests.swift in Sources */ = {isa = PBXBuildFile; fileRef = 0DF21B5106FBBB1A1D4A8921 /* PythonCLIInvokerTests.swift */; };
		F904F16D695D501680DE6196 /* GenerateModelCardSheet.swift in Sources */ = {isa = PBXBuildFile; fileRef = F665B5BD78256BE6B512B888 /* GenerateModelCardSheet.swift */; };
		FBD72AE59BB50D6938084A5A /* good_output in Resources */ = {isa = PBXBuildFile; fileRef = 9BFBF624AEDB08DD5F8CDCD7 /* good_output */; };
		FD263D5758D9380EB2DF7C4E /* PreflightRunner.swift in Sources */ = {isa = PBXBuildFile; fileRef = 7E007B276BE6D5E6BBD83A3F /* PreflightRunner.swift */; };
		FE6BD7DE5ECCD478F3272824 /* UsageExamplesSheet.swift in Sources */ = {isa = PBXBuildFile; fileRef = A296D1F2C5FAC2A4BE0DF86B /* UsageExamplesSheet.swift */; };
		FEC9D040C1ECAA22990DB724 /* JANGExpertLab in Frameworks */ = {isa = PBXBuildFile; productRef = 60E21D9FBF4FA568C542D856 /* JANGExpertLab */; };
/* End PBXBuildFile section */

/* Begin PBXContainerItemProxy section */
		0028C3218391F535DC0BAE35 /* PBXContainerItemProxy */ = {
			isa = PBXContainerItemProxy;
			containerPortal = D324A78A6B759B0FB34C620F /* Project object */;
			proxyType = 1;
			remoteGlobalIDString = AB0DED9685435B483219CC32;
			remoteInfo = JANGStudio;
		};
		1CE2475E34C66BAB13D6FE6B /* PBXContainerItemProxy */ = {
			isa = PBXContainerItemProxy;
			containerPortal = D324A78A6B759B0FB34C620F /* Project object */;
			proxyType = 1;
			remoteGlobalIDString = AB0DED9685435B483219CC32;
			remoteInfo = JANGStudio;
		};
/* End PBXContainerItemProxy section */

/* Begin PBXFileReference section */
		07DD3CD29FAA054B4908FCA4 /* AppSettingsTests.swift */ = {isa = PBXFileReference; lastKnownFileType = sourcecode.swift; path = AppSettingsTests.swift; sourceTree = "<group>"; };
		09F43E4E816CE16F4461846C /* SettingsWindow.swift */ = {isa = PBXFileReference; lastKnownFileType = sourcecode.swift; path = SettingsWindow.swift; sourceTree = "<group>"; };
		0DF21B5106FBBB1A1D4A8921 /* PythonCLIInvokerTests.swift */ = {isa = PBXFileReference; lastKnownFileType = sourcecode.swift; path = PythonCLIInvokerTests.swift; sourceTree = "<group>"; };
		1161C47A976A61EB4165DBF0 /* BundleResolver.swift */ = {isa = PBXFileReference; lastKnownFileType = sourcecode.swift; path = BundleResolver.swift; sourceTree = "<group>"; };
		128EC0EE82BC7231E539241C /* AdoptionServicesTests.swift */ = {isa = PBXFileReference; lastKnownFileType = sourcecode.swift; path = AdoptionServicesTests.swift; sourceTree = "<group>"; };
		17C23E723AD17FD782740DE9 /* IntentPruneUITests.swift */ = {isa = PBXFileReference; lastKnownFileType = sourcecode.swift; path = IntentPruneUITests.swift; sourceTree = "<group>"; };
		17D4CD2B12CA4893F70B34D5 /* JSONLProgressParser.swift */ = {isa = PBXFileReference; lastKnownFileType = sourcecode.swift; path = JSONLProgressParser.swift; sourceTree = "<group>"; };
		1B32BA9D400197078C4A2AAC /* PostConvertVerifierTests.swift */ = {isa = PBXFileReference; lastKnownFileType = sourcecode.swift; path = PostConvertVerifierTests.swift; sourceTree = "<group>"; };
		1E8D05B41D11B2CF1DFB26F2 /* ExamplesService.swift */ = {isa = PBXFileReference; lastKnownFileType = sourcecode.swift; path = ExamplesService.swift; sourceTree = "<group>"; };
		22FBFCDC589F9873C3187671 /* IntentPruneModels.swift */ = {isa = PBXFileReference; lastKnownFileType = sourcecode.swift; path = IntentPruneModels.swift; sourceTree = "<group>"; };
		24FFE334F18C9B1B5E7232E9 /* VerifyCheck.swift */ = {isa = PBXFileReference; lastKnownFileType = sourcecode.swift; path = VerifyCheck.swift; sourceTree = "<group>"; };
		2508DDCAE117A6C369C494D0 /* IntentPruneCLIArgsBuilder.swift */ = {isa = PBXFileReference; lastKnownFileType = sourcecode.swift; path = IntentPruneCLIArgsBuilder.swift; sourceTree = "<group>"; };
		2546D3DCECBF31D92E956B39 /* RunStep.swift */ = {isa = PBXFileReference; lastKnownFileType = sourcecode.swift; path = RunStep.swift; sourceTree = "<group>"; };
		277EB647F5B498995EECE22B /* CLIArgsBuilderTests.swift */ = {isa = PBXFileReference; lastKnownFileType = sourcecode.swift; path = CLIArgsBuilderTests.swift; sourceTree = "<group>"; };
		2FCD82303D1FFD41734DCCE7 /* AppSettings.swift */ = {isa = PBXFileReference; lastKnownFileType = sourcecode.swift; path = AppSettings.swift; sourceTree = "<group>"; };
		3A5660F31C79379125E9A6E4 /* DiagnosticsBundle.swift */ = {isa = PBXFileReference; lastKnownFileType = sourcecode.swift; path = DiagnosticsBundle.swift; sourceTree = "<group>"; };
		3CC6104D9F16F4EA5D5BDCBD /* CoverageMatrixTests.swift */ = {isa = PBXFileReference; lastKnownFileType = sourcecode.swift; path = CoverageMatrixTests.swift; sourceTree = "<group>"; };
		3D18912DEAFDE1D0067DF29B /* DiagnosticsBundleTests.swift */ = {isa = PBXFileReference; lastKnownFileType = sourcecode.swift; path = DiagnosticsBundleTests.swift; sourceTree = "<group>"; };
		41F8868FB54726B5242BF9A7 /* PostConvertVerifier.swift */ = {isa = PBXFileReference; lastKnownFileType = sourcecode.swift; path = PostConvertVerifier.swift; sourceTree = "<group>"; };
		47BAEB29159082E17CC640F8 /* BundleResolverTests.swift */ = {isa = PBXFileReference; lastKnownFileType = sourcecode.swift; path = BundleResolverTests.swift; sourceTree = "<group>"; };
		4A9A321F7DA1A49E0D7B1188 /* ExpertPrunePlanBuilderTests.swift */ = {isa = PBXFileReference; lastKnownFileType = sourcecode.swift; path = ExpertPrunePlanBuilderTests.swift; sourceTree = "<group>"; };
		4AACB434B97E7FF9C896CD93 /* CapabilitiesService.swift */ = {isa = PBXFileReference; lastKnownFileType = sourcecode.swift; path = CapabilitiesService.swift; sourceTree = "<group>"; };
		4AFCA6EF17ACDF8C518375DA /* JANGStudio.entitlements */ = {isa = PBXFileReference; lastKnownFileType = text.plist.entitlements; path = JANGStudio.entitlements; sourceTree = "<group>"; };
		4B8E1B0E2161A35807B83BC8 /* WizardStepContinueGateTests.swift */ = {isa = PBXFileReference; lastKnownFileType = sourcecode.swift; path = WizardStepContinueGateTests.swift; sourceTree = "<group>"; };
		4BD8CB3ED2CD8F9F8B6E9963 /* golden_convert_events.jsonl */ = {isa = PBXFileReference; path = golden_convert_events.jsonl; sourceTree = "<group>"; };
		4C296A3B1A49CC4E9F66206B /* ExpertLabSheet.swift */ = {isa = PBXFileReference; lastKnownFileType = sourcecode.swift; path = ExpertLabSheet.swift; sourceTree = "<group>"; };
		4E1675A6232217AFF9BFDD1A /* ChatMessageTests.swift */ = {isa = PBXFileReference; lastKnownFileType = sourcecode.swift; path = ChatMessageTests.swift; sourceTree = "<group>"; };
		570938F731FB414081F9CBED /* PythonRunner.swift */ = {isa = PBXFileReference; lastKnownFileType = sourcecode.swift; path = PythonRunner.swift; sourceTree = "<group>"; };
		5751F4B69FFAD203B180FD6B /* ProfileStep.swift */ = {isa = PBXFileReference; lastKnownFileType = sourcecode.swift; path = ProfileStep.swift; sourceTree = "<group>"; };
		585147A25208BDB4C34E4EDF /* JANGStudio.app */ = {isa = PBXFileReference; explicitFileType = wrapper.application; includeInIndex = 0; path = JANGStudio.app; sourceTree = BUILT_PRODUCTS_DIR; };
		59F644F50402BD3021339580 /* RecommendationServiceTests.swift */ = {isa = PBXFileReference; lastKnownFileType = sourcecode.swift; path = RecommendationServiceTests.swift; sourceTree = "<group>"; };
		5B4B6490B253FA54266EA0EF /* Info.plist */ = {isa = PBXFileReference; lastKnownFileType = text.plist; path = Info.plist; sourceTree = "<group>"; };
		5D102D611AAAC43B29E3FE7C /* ConversionPlanTests.swift */ = {isa = PBXFileReference; lastKnownFileType = sourcecode.swift; path = ConversionPlanTests.swift; sourceTree = "<group>"; };
		61651B35549A2F02F9FFCD3B /* IntentPruneViewModel.swift */ = {isa = PBXFileReference; lastKnownFileType = sourcecode.swift; path = IntentPruneViewModel.swift; sourceTree = "<group>"; };
		648254A39ECAE196FCF4B915 /* QuantizationGuide.swift */ = {isa = PBXFileReference; lastKnownFileType = sourcecode.swift; path = QuantizationGuide.swift; sourceTree = "<group>"; };
		65E6BD1572E3801538830D75 /* JANGStudioUITests.xctest */ = {isa = PBXFileReference; explicitFileType = wrapper.cfbundle; includeInIndex = 0; path = JANGStudioUITests.xctest; sourceTree = BUILT_PRODUCTS_DIR; };
		6828352632D9B1B484170875 /* ProgressEvent.swift */ = {isa = PBXFileReference; lastKnownFileType = sourcecode.swift; path = ProgressEvent.swift; sourceTree = "<group>"; };
		68500C2831E621A2FA30AB41 /* PythonCLIInvoker.swift */ = {isa = PBXFileReference; lastKnownFileType = sourcecode.swift; path = PythonCLIInvoker.swift; sourceTree = "<group>"; };
		70BDD0C1E07DF29BE7178909 /* CapabilitiesServiceTests.swift */ = {isa = PBXFileReference; lastKnownFileType = sourcecode.swift; path = CapabilitiesServiceTests.swift; sourceTree = "<group>"; };
		72D077557A5F5B98F08D9071 /* InferenceRunnerTests.swift */ = {isa = PBXFileReference; lastKnownFileType = sourcecode.swift; path = InferenceRunnerTests.swift; sourceTree = "<group>"; };
		7A9C3D1E232290DFC9A24A3C /* IntentPruneView.swift */ = {isa = PBXFileReference; lastKnownFileType = sourcecode.swift; path = IntentPruneView.swift; sourceTree = "<group>"; };
		7D9E8AB3CFC6B682FDFB777D /* jang-runtime */ = {isa = PBXFileReference; lastKnownFileType = folder; name = "jang-runtime"; path = "../jang-runtime"; sourceTree = SOURCE_ROOT; };
		7DBFFA8816FEFBC7EFF5FF5D /* PublishService.swift */ = {isa = PBXFileReference; lastKnownFileType = sourcecode.swift; path = PublishService.swift; sourceTree = "<group>"; };
		7E007B276BE6D5E6BBD83A3F /* PreflightRunner.swift */ = {isa = PBXFileReference; lastKnownFileType = sourcecode.swift; path = PreflightRunner.swift; sourceTree = "<group>"; };
		8034E6B623B47CCA640CE7BE /* PythonRunnerTests.swift */ = {isa = PBXFileReference; lastKnownFileType = sourcecode.swift; path = PythonRunnerTests.swift; sourceTree = "<group>"; };
		9015C471C0991F1FE5A7C449 /* ChatMessage.swift */ = {isa = PBXFileReference; lastKnownFileType = sourcecode.swift; path = ChatMessage.swift; sourceTree = "<group>"; };
		9041F5409595020F642815F2 /* .keep */ = {isa = PBXFileReference; path = .keep; sourceTree = "<group>"; };
		91EAD76714231E2F6319E452 /* PrequantPruneSheet.swift */ = {isa = PBXFileReference; lastKnownFileType = sourcecode.swift; path = PrequantPruneSheet.swift; sourceTree = "<group>"; };
		935B3378C8436467A0A2404A /* IntentPrunePlanGateTests.swift */ = {isa = PBXFileReference; lastKnownFileType = sourcecode.swift; path = IntentPrunePlanGateTests.swift; sourceTree = "<group>"; };
		993FD9B9F5E20A193DCF1127 /* PreflightRunnerTests.swift */ = {isa = PBXFileReference; lastKnownFileType = sourcecode.swift; path = PreflightRunnerTests.swift; sourceTree = "<group>"; };
		9BFBF624AEDB08DD5F8CDCD7 /* good_output */ = {isa = PBXFileReference; lastKnownFileType = folder; name = good_output; path = Tests/JANGStudioTests/Fixtures/good_output; sourceTree = SOURCE_ROOT; };
		A296D1F2C5FAC2A4BE0DF86B /* UsageExamplesSheet.swift */ = {isa = PBXFileReference; lastKnownFileType = sourcecode.swift; path = UsageExamplesSheet.swift; sourceTree = "<group>"; };
		A3A7379AF4D578977A7F232C /* PreflightCheck.swift */ = {isa = PBXFileReference; lastKnownFileType = sourcecode.swift; path = PreflightCheck.swift; sourceTree = "<group>"; };
		A55E86AE1E8A9CA41738204F /* WizardCoordinator.swift */ = {isa = PBXFileReference; lastKnownFileType = sourcecode.swift; path = WizardCoordinator.swift; sourceTree = "<group>"; };
		AA263C1681E544386558CE46 /* PublishToHuggingFaceSheet.swift */ = {isa = PBXFileReference; lastKnownFileType = sourcecode.swift; path = PublishToHuggingFaceSheet.swift; sourceTree = "<group>"; };
		AE4D059F65E05E1AB8E6BD29 /* WizardFlowTests.swift */ = {isa = PBXFileReference; lastKnownFileType = sourcecode.swift; path = WizardFlowTests.swift; sourceTree = "<group>"; };
		B58A4B8396CA45A4D0FB138F /* VerifyStep.swift */ = {isa = PBXFileReference; lastKnownFileType = sourcecode.swift; path = VerifyStep.swift; sourceTree = "<group>"; };
		B60D58AD503750EE0B4438BE /* SourceStep.swift */ = {isa = PBXFileReference; lastKnownFileType = sourcecode.swift; path = SourceStep.swift; sourceTree = "<group>"; };
		B7B997A8EC3B7474A12CA184 /* CLIArgsBuilder.swift */ = {isa = PBXFileReference; lastKnownFileType = sourcecode.swift; path = CLIArgsBuilder.swift; sourceTree = "<group>"; };
		C9A7DE41A192E92603284F05 /* JANGStudioApp.swift */ = {isa = PBXFileReference; lastKnownFileType = sourcecode.swift; path = JANGStudioApp.swift; sourceTree = "<group>"; };
		CB6996C22CD2CF0F5D29A975 /* ProfilesService.swift */ = {isa = PBXFileReference; lastKnownFileType = sourcecode.swift; path = ProfilesService.swift; sourceTree = "<group>"; };
		D04AD44A81E1DAF14ED12741 /* RecommendationService.swift */ = {isa = PBXFileReference; lastKnownFileType = sourcecode.swift; path = RecommendationService.swift; sourceTree = "<group>"; };
		D234B511E845AC30646F6D62 /* TestInferenceSheet.swift */ = {isa = PBXFileReference; lastKnownFileType = sourcecode.swift; path = TestInferenceSheet.swift; sourceTree = "<group>"; };
		D2562B5664B3474649948706 /* ProfilesServiceTests.swift */ = {isa = PBXFileReference; lastKnownFileType = sourcecode.swift; path = ProfilesServiceTests.swift; sourceTree = "<group>"; };
		D730781F656472007CB478AD /* InferenceRunner.swift */ = {isa = PBXFileReference; lastKnownFileType = sourcecode.swift; path = InferenceRunner.swift; sourceTree = "<group>"; };
		D751476D77F0C9FC588A5A0B /* JANGStudioTests.xctest */ = {isa = PBXFileReference; explicitFileType = wrapper.cfbundle; includeInIndex = 0; path = JANGStudioTests.xctest; sourceTree = BUILT_PRODUCTS_DIR; };
		D88E45BF47B4C6BE9011652A /* broken_output */ = {isa = PBXFileReference; lastKnownFileType = folder; name = broken_output; path = Tests/JANGStudioTests/Fixtures/broken_output; sourceTree = SOURCE_ROOT; };
		DE026291C8B7860644D728FE /* fake_convert.sh */ = {isa = PBXFileReference; lastKnownFileType = text.script.sh; path = fake_convert.sh; sourceTree = "<group>"; };
		E15422D1BC7171E8BB13BA57 /* ModelCardService.swift */ = {isa = PBXFileReference; lastKnownFileType = sourcecode.swift; path = ModelCardService.swift; sourceTree = "<group>"; };
		E1A1EBBC25F8952FDB89345F /* TestInferenceViewModel.swift */ = {isa = PBXFileReference; lastKnownFileType = sourcecode.swift; path = TestInferenceViewModel.swift; sourceTree = "<group>"; };
		E694F8C56C73EE3B6ADC6A9F /* ConversionPlan.swift */ = {isa = PBXFileReference; lastKnownFileType = sourcecode.swift; path = ConversionPlan.swift; sourceTree = "<group>"; };
		EF811908F2588183C287B65E /* InfoHint.swift */ = {isa = PBXFileReference; lastKnownFileType = sourcecode.swift; path = InfoHint.swift; sourceTree = "<group>"; };
		F49A8697679D397C8728D18C /* ExpertLabWorkflowFlowTests.swift */ = {isa = PBXFileReference; lastKnownFileType = sourcecode.swift; path = ExpertLabWorkflowFlowTests.swift; sourceTree = "<group>"; };
		F665B5BD78256BE6B512B888 /* GenerateModelCardSheet.swift */ = {isa = PBXFileReference; lastKnownFileType = sourcecode.swift; path = GenerateModelCardSheet.swift; sourceTree = "<group>"; };
		FD0847B837227099F36E3E49 /* QuantizationGuidanceTests.swift */ = {isa = PBXFileReference; lastKnownFileType = sourcecode.swift; path = QuantizationGuidanceTests.swift; sourceTree = "<group>"; };
		FE633F589A45A657C4535447 /* JSONLProgressParserTests.swift */ = {isa = PBXFileReference; lastKnownFileType = sourcecode.swift; path = JSONLProgressParserTests.swift; sourceTree = "<group>"; };
/* End PBXFileReference section */

/* Begin PBXFrameworksBuildPhase section */
		EF096EEE907AA5CCD348A3E6 /* Frameworks */ = {
			isa = PBXFrameworksBuildPhase;
			buildActionMask = 2147483647;
			files = (
				B0984AB1F21931200A033FDE /* JANGKit in Frameworks */,
				FEC9D040C1ECAA22990DB724 /* JANGExpertLab in Frameworks */,
			);
			runOnlyForDeploymentPostprocessing = 0;
		};
/* End PBXFrameworksBuildPhase section */

/* Begin PBXGroup section */
		258E7C41C483D475885C894F /* Fixtures */ = {
			isa = PBXGroup;
			children = (
				DE026291C8B7860644D728FE /* fake_convert.sh */,
				4BD8CB3ED2CD8F9F8B6E9963 /* golden_convert_events.jsonl */,
			);
			name = Fixtures;
			path = Tests/JANGStudioTests/Fixtures;
			sourceTree = "<group>";
		};
		33BA8324CD24CC9FF36D2409 /* JANGStudio */ = {
			isa = PBXGroup;
			children = (
				A485AB6BA3487317E7410904 /* App */,
				4ECBC55FCA16B1D98FEA2703 /* Models */,
				AD8AA33483E82D038BB0CC9C /* Resources */,
				B6BABCDD952B5EE87961EB17 /* Runner */,
				F2D353DF44343308C3C8507A /* Verify */,
				485B288C7E005D4814B3A408 /* Wizard */,
			);
			path = JANGStudio;
			sourceTree = "<group>";
		};
		434607B01F71E749C5E2B4EF /* JANGStudioTests */ = {
			isa = PBXGroup;
			children = (
				9041F5409595020F642815F2 /* .keep */,
				128EC0EE82BC7231E539241C /* AdoptionServicesTests.swift */,
				07DD3CD29FAA054B4908FCA4 /* AppSettingsTests.swift */,
				47BAEB29159082E17CC640F8 /* BundleResolverTests.swift */,
				70BDD0C1E07DF29BE7178909 /* CapabilitiesServiceTests.swift */,
				4E1675A6232217AFF9BFDD1A /* ChatMessageTests.swift */,
				277EB647F5B498995EECE22B /* CLIArgsBuilderTests.swift */,
				5D102D611AAAC43B29E3FE7C /* ConversionPlanTests.swift */,
				3CC6104D9F16F4EA5D5BDCBD /* CoverageMatrixTests.swift */,
				3D18912DEAFDE1D0067DF29B /* DiagnosticsBundleTests.swift */,
				F49A8697679D397C8728D18C /* ExpertLabWorkflowFlowTests.swift */,
				4A9A321F7DA1A49E0D7B1188 /* ExpertPrunePlanBuilderTests.swift */,
				72D077557A5F5B98F08D9071 /* InferenceRunnerTests.swift */,
				935B3378C8436467A0A2404A /* IntentPrunePlanGateTests.swift */,
				17C23E723AD17FD782740DE9 /* IntentPruneUITests.swift */,
				FE633F589A45A657C4535447 /* JSONLProgressParserTests.swift */,
				1B32BA9D400197078C4A2AAC /* PostConvertVerifierTests.swift */,
				993FD9B9F5E20A193DCF1127 /* PreflightRunnerTests.swift */,
				D2562B5664B3474649948706 /* ProfilesServiceTests.swift */,
				0DF21B5106FBBB1A1D4A8921 /* PythonCLIInvokerTests.swift */,
				8034E6B623B47CCA640CE7BE /* PythonRunnerTests.swift */,
				FD0847B837227099F36E3E49 /* QuantizationGuidanceTests.swift */,
				59F644F50402BD3021339580 /* RecommendationServiceTests.swift */,
				4B8E1B0E2161A35807B83BC8 /* WizardStepContinueGateTests.swift */,
			);
			name = JANGStudioTests;
			path = Tests/JANGStudioTests;
			sourceTree = "<group>";
		};
		485B288C7E005D4814B3A408 /* Wizard */ = {
			isa = PBXGroup;
			children = (
				4C296A3B1A49CC4E9F66206B /* ExpertLabSheet.swift */,
				F665B5BD78256BE6B512B888 /* GenerateModelCardSheet.swift */,
				EF811908F2588183C287B65E /* InfoHint.swift */,
				22FBFCDC589F9873C3187671 /* IntentPruneModels.swift */,
				7A9C3D1E232290DFC9A24A3C /* IntentPruneView.swift */,
				61651B35549A2F02F9FFCD3B /* IntentPruneViewModel.swift */,
				91EAD76714231E2F6319E452 /* PrequantPruneSheet.swift */,
				AA263C1681E544386558CE46 /* PublishToHuggingFaceSheet.swift */,
				648254A39ECAE196FCF4B915 /* QuantizationGuide.swift */,
				09F43E4E816CE16F4461846C /* SettingsWindow.swift */,
				D234B511E845AC30646F6D62 /* TestInferenceSheet.swift */,
				E1A1EBBC25F8952FDB89345F /* TestInferenceViewModel.swift */,
				A296D1F2C5FAC2A4BE0DF86B /* UsageExamplesSheet.swift */,
				A55E86AE1E8A9CA41738204F /* WizardCoordinator.swift */,
				8B56A0F88A356FC608A109FE /* Steps */,
			);
			path = Wizard;
			sourceTree = "<group>";
		};
		4CB2EEEB2FF6014E22F26C31 /* JANGStudioUITests */ = {
			isa = PBXGroup;
			children = (
				AE4D059F65E05E1AB8E6BD29 /* WizardFlowTests.swift */,
			);
			name = JANGStudioUITests;
			path = Tests/JANGStudioUITests;
			sourceTree = "<group>";
		};
		4ECBC55FCA16B1D98FEA2703 /* Models */ = {
			isa = PBXGroup;
			children = (
				2FCD82303D1FFD41734DCCE7 /* AppSettings.swift */,
				9015C471C0991F1FE5A7C449 /* ChatMessage.swift */,
				E694F8C56C73EE3B6ADC6A9F /* ConversionPlan.swift */,
				6828352632D9B1B484170875 /* ProgressEvent.swift */,
			);
			path = Models;
			sourceTree = "<group>";
		};
		70D2764DDAECE1A63A0E5400 /* Packages */ = {
			isa = PBXGroup;
			children = (
				7D9E8AB3CFC6B682FDFB777D /* jang-runtime */,
			);
			name = Packages;
			sourceTree = "<group>";
		};
		8B56A0F88A356FC608A109FE /* Steps */ = {
			isa = PBXGroup;
			children = (
				5751F4B69FFAD203B180FD6B /* ProfileStep.swift */,
				2546D3DCECBF31D92E956B39 /* RunStep.swift */,
				B60D58AD503750EE0B4438BE /* SourceStep.swift */,
				B58A4B8396CA45A4D0FB138F /* VerifyStep.swift */,
			);
			path = Steps;
			sourceTree = "<group>";
		};
		A485AB6BA3487317E7410904 /* App */ = {
			isa = PBXGroup;
			children = (
				C9A7DE41A192E92603284F05 /* JANGStudioApp.swift */,
			);
			path = App;
			sourceTree = "<group>";
		};
		AD8AA33483E82D038BB0CC9C /* Resources */ = {
			isa = PBXGroup;
			children = (
				5B4B6490B253FA54266EA0EF /* Info.plist */,
				4AFCA6EF17ACDF8C518375DA /* JANGStudio.entitlements */,
			);
			path = Resources;
			sourceTree = "<group>";
		};
		B6BABCDD952B5EE87961EB17 /* Runner */ = {
			isa = PBXGroup;
			children = (
				1161C47A976A61EB4165DBF0 /* BundleResolver.swift */,
				4AACB434B97E7FF9C896CD93 /* CapabilitiesService.swift */,
				B7B997A8EC3B7474A12CA184 /* CLIArgsBuilder.swift */,
				3A5660F31C79379125E9A6E4 /* DiagnosticsBundle.swift */,
				1E8D05B41D11B2CF1DFB26F2 /* ExamplesService.swift */,
				D730781F656472007CB478AD /* InferenceRunner.swift */,
				2508DDCAE117A6C369C494D0 /* IntentPruneCLIArgsBuilder.swift */,
				17D4CD2B12CA4893F70B34D5 /* JSONLProgressParser.swift */,
				E15422D1BC7171E8BB13BA57 /* ModelCardService.swift */,
				CB6996C22CD2CF0F5D29A975 /* ProfilesService.swift */,
				7DBFFA8816FEFBC7EFF5FF5D /* PublishService.swift */,
				68500C2831E621A2FA30AB41 /* PythonCLIInvoker.swift */,
				570938F731FB414081F9CBED /* PythonRunner.swift */,
				D04AD44A81E1DAF14ED12741 /* RecommendationService.swift */,
			);
			path = Runner;
			sourceTree = "<group>";
		};
		D6942F5C3170FEFB5C318950 /* Products */ = {
			isa = PBXGroup;
			children = (
				585147A25208BDB4C34E4EDF /* JANGStudio.app */,
				D751476D77F0C9FC588A5A0B /* JANGStudioTests.xctest */,
				65E6BD1572E3801538830D75 /* JANGStudioUITests.xctest */,
			);
			name = Products;
			sourceTree = "<group>";
		};
		D8812414D87996E91BA177BA = {
			isa = PBXGroup;
			children = (
				D88E45BF47B4C6BE9011652A /* broken_output */,
				9BFBF624AEDB08DD5F8CDCD7 /* good_output */,
				258E7C41C483D475885C894F /* Fixtures */,
				33BA8324CD24CC9FF36D2409 /* JANGStudio */,
				434607B01F71E749C5E2B4EF /* JANGStudioTests */,
				4CB2EEEB2FF6014E22F26C31 /* JANGStudioUITests */,
				70D2764DDAECE1A63A0E5400 /* Packages */,
				D6942F5C3170FEFB5C318950 /* Products */,
			);
			sourceTree = "<group>";
		};
		F2D353DF44343308C3C8507A /* Verify */ = {
			isa = PBXGroup;
			children = (
				41F8868FB54726B5242BF9A7 /* PostConvertVerifier.swift */,
				A3A7379AF4D578977A7F232C /* PreflightCheck.swift */,
				7E007B276BE6D5E6BBD83A3F /* PreflightRunner.swift */,
				24FFE334F18C9B1B5E7232E9 /* VerifyCheck.swift */,
			);
			path = Verify;
			sourceTree = "<group>";
		};
/* End PBXGroup section */

/* Begin PBXNativeTarget section */
		126FB6E7647D26E1A3093DB5 /* JANGStudioTests */ = {
			isa = PBXNativeTarget;
			buildConfigurationList = 7685FA44F7B5A1A4DF2FEEE4 /* Build configuration list for PBXNativeTarget "JANGStudioTests" */;
			buildPhases = (
				A7BCF7830D25AC4A57CBD16B /* Sources */,
				170170D00F7FD6A80380B9C8 /* Resources */,
			);
			buildRules = (
			);
			dependencies = (
				871C9E6B8F51435F2C526D89 /* PBXTargetDependency */,
			);
			name = JANGStudioTests;
			packageProductDependencies = (
			);
			productName = JANGStudioTests;
			productReference = D751476D77F0C9FC588A5A0B /* JANGStudioTests.xctest */;
			productType = "com.apple.product-type.bundle.unit-test";
		};
		AB0DED9685435B483219CC32 /* JANGStudio */ = {
			isa = PBXNativeTarget;
			buildConfigurationList = C73A87BCC2E34056120D63A6 /* Build configuration list for PBXNativeTarget "JANGStudio" */;
			buildPhases = (
				AA9B30409B6CE70BCA852885 /* Sources */,
				61428D773459DA0899DD4E33 /* Embed Python Bundle */,
				EF096EEE907AA5CCD348A3E6 /* Frameworks */,
			);
			buildRules = (
			);
			dependencies = (
			);
			name = JANGStudio;
			packageProductDependencies = (
				128CDB5E833B7DB0C551B49C /* JANGKit */,
				60E21D9FBF4FA568C542D856 /* JANGExpertLab */,
			);
			productName = JANGStudio;
			productReference = 585147A25208BDB4C34E4EDF /* JANGStudio.app */;
			productType = "com.apple.product-type.application";
		};
		FD45E52E59DA496351CA4E27 /* JANGStudioUITests */ = {
			isa = PBXNativeTarget;
			buildConfigurationList = 8B4315BE188271A01138CE60 /* Build configuration list for PBXNativeTarget "JANGStudioUITests" */;
			buildPhases = (
				9C44E762F59E59B0FCA635D9 /* Sources */,
				FBE7D54C6DACCE228B4751FD /* Resources */,
			);
			buildRules = (
			);
			dependencies = (
				824B52413827BEBE1DE9DE99 /* PBXTargetDependency */,
			);
			name = JANGStudioUITests;
			packageProductDependencies = (
			);
			productName = JANGStudioUITests;
			productReference = 65E6BD1572E3801538830D75 /* JANGStudioUITests.xctest */;
			productType = "com.apple.product-type.bundle.ui-testing";
		};
/* End PBXNativeTarget section */

/* Begin PBXProject section */
		D324A78A6B759B0FB34C620F /* Project object */ = {
			isa = PBXProject;
			attributes = {
				BuildIndependentTargetsInParallel = YES;
				LastUpgradeCheck = 1600;
				TargetAttributes = {
					126FB6E7647D26E1A3093DB5 = {
						DevelopmentTeam = "";
					};
					AB0DED9685435B483219CC32 = {
						DevelopmentTeam = "";
					};
					FD45E52E59DA496351CA4E27 = {
						DevelopmentTeam = "";
						TestTargetID = AB0DED9685435B483219CC32;
					};
				};
			};
			buildConfigurationList = E8EA1C589AEF28714BD586D0 /* Build configuration list for PBXProject "JANGStudio" */;
			developmentRegion = en;
			hasScannedForEncodings = 0;
			knownRegions = (
				Base,
				en,
			);
			mainGroup = D8812414D87996E91BA177BA;
			minimizedProjectReferenceProxies = 1;
			packageReferences = (
				C204975A3A56EB5A1F36B37B /* XCLocalSwiftPackageReference "../jang-runtime" */,
			);
			preferredProjectObjectVersion = 77;
			productRefGroup = D6942F5C3170FEFB5C318950 /* Products */;
			projectDirPath = "";
			projectRoot = "";
			targets = (
				AB0DED9685435B483219CC32 /* JANGStudio */,
				126FB6E7647D26E1A3093DB5 /* JANGStudioTests */,
				FD45E52E59DA496351CA4E27 /* JANGStudioUITests */,
			);
		};
/* End PBXProject section */

/* Begin PBXResourcesBuildPhase section */
		170170D00F7FD6A80380B9C8 /* Resources */ = {
			isa = PBXResourcesBuildPhase;
			buildActionMask = 2147483647;
			files = (
				61AB1FE690E52ECD9BF4F047 /* broken_output in Resources */,
				A22D8CA083A82B41F5628F35 /* fake_convert.sh in Resources */,
				913885FBEFFAD974B1C3D518 /* golden_convert_events.jsonl in Resources */,
				FBD72AE59BB50D6938084A5A /* good_output in Resources */,
			);
			runOnlyForDeploymentPostprocessing = 0;
		};
		FBE7D54C6DACCE228B4751FD /* Resources */ = {
			isa = PBXResourcesBuildPhase;
			buildActionMask = 2147483647;
			files = (
				9B4FF75BF334503C8F92146B /* fake_convert.sh in Resources */,
			);
			runOnlyForDeploymentPostprocessing = 0;
		};
/* End PBXResourcesBuildPhase section */

/* Begin PBXShellScriptBuildPhase section */
		61428D773459DA0899DD4E33 /* Embed Python Bundle */ = {
			isa = PBXShellScriptBuildPhase;
			buildActionMask = 2147483647;
			files = (
			);
			inputFileListPaths = (
			);
			inputPaths = (
			);
			name = "Embed Python Bundle";
			outputFileListPaths = (
			);
			outputPaths = (
			);
			runOnlyForDeploymentPostprocessing = 0;
			shellPath = /bin/sh;
			shellScript = "set -e\nSRC=\"$SRCROOT/build/python\"\nDST=\"$CODESIGNING_FOLDER_PATH/Contents/Resources/python\"\nif [ ! -d \"$SRC\" ]; then\n  echo \"warning: Python bundle missing at $SRC. Run Scripts/build-python-bundle.sh once.\"\n  exit 0\nfi\nLOCAL_JANG=\"$SRCROOT/../jang-tools/jang_tools\"\nBUNDLE_JANG=\"$SRC/lib/python3.11/site-packages/jang_tools\"\nif [ -d \"$LOCAL_JANG\" ] && [ -d \"$BUNDLE_JANG\" ]; then\n  rsync -a --delete \"$LOCAL_JANG/\" \"$BUNDLE_JANG/\"\n  echo \"note: Refreshed bundled jang_tools from $LOCAL_JANG\"\nfi\nmkdir -p \"$DST\"\nrsync -a --delete \"$SRC/\" \"$DST/\"\necho \"note: Embedded Python bundle copied to $DST\"\n";
		};
/* End PBXShellScriptBuildPhase section */

/* Begin PBXSourcesBuildPhase section */
		9C44E762F59E59B0FCA635D9 /* Sources */ = {
			isa = PBXSourcesBuildPhase;
			buildActionMask = 2147483647;
			files = (
				986A1274A6118E34D1D57357 /* WizardFlowTests.swift in Sources */,
			);
			runOnlyForDeploymentPostprocessing = 0;
		};
		A7BCF7830D25AC4A57CBD16B /* Sources */ = {
			isa = PBXSourcesBuildPhase;
			buildActionMask = 2147483647;
			files = (
				C88D5FF40404F65016676DCB /* AdoptionServicesTests.swift in Sources */,
				9C280F7AB6E1EB5A06F4CA29 /* AppSettingsTests.swift in Sources */,
				CE348E62858A4F31F5D68179 /* BundleResolverTests.swift in Sources */,
				69E48802F67A8560875697D3 /* CLIArgsBuilderTests.swift in Sources */,
				8D94FAB61E6661A3E56B0F81 /* CapabilitiesServiceTests.swift in Sources */,
				CAD24872D288B1B310CFFFF1 /* ChatMessageTests.swift in Sources */,
				92DC4A57B84EA364FB2BB56A /* ConversionPlanTests.swift in Sources */,
				3BAE0452A404B4F7316D7DD9 /* CoverageMatrixTests.swift in Sources */,
				B42A3411A8AD04D61E2AE441 /* DiagnosticsBundleTests.swift in Sources */,
				24AAFCAE1FAB83029D95D1F6 /* ExpertLabWorkflowFlowTests.swift in Sources */,
				EBEC37660E6F0B415009674A /* ExpertPrunePlanBuilderTests.swift in Sources */,
				583FD10F8DF5B8B59A65E87D /* InferenceRunnerTests.swift in Sources */,
				F04ED74E2EEED5B24207D23D /* IntentPrunePlanGateTests.swift in Sources */,
				822F743644F7DC4E6206745A /* IntentPruneUITests.swift in Sources */,
				3932B7208FB8F9E9F0C718E5 /* JSONLProgressParserTests.swift in Sources */,
				CF1F4BFE4733DB3C025BEA58 /* PostConvertVerifierTests.swift in Sources */,
				6B9F115F2F6B1C5BF471445D /* PreflightRunnerTests.swift in Sources */,
				C5517C9469AF39EBBA0AA733 /* ProfilesServiceTests.swift in Sources */,
				F2910680EFAE8DFC4A96AE5E /* PythonCLIInvokerTests.swift in Sources */,
				D40090D0FEB1DDA976ED672E /* PythonRunnerTests.swift in Sources */,
				5AFFDF75A95D4557386797B9 /* QuantizationGuidanceTests.swift in Sources */,
				31609FAB841A779F08378B8D /* RecommendationServiceTests.swift in Sources */,
				24A011FB3F5C0B384EFD643A /* WizardStepContinueGateTests.swift in Sources */,
			);
			runOnlyForDeploymentPostprocessing = 0;
		};
		AA9B30409B6CE70BCA852885 /* Sources */ = {
			isa = PBXSourcesBuildPhase;
			buildActionMask = 2147483647;
			files = (
				53105BD2CBE7CA7521C5F0B9 /* AppSettings.swift in Sources */,
				73695D60002F4B8E2C27CE72 /* BundleResolver.swift in Sources */,
				361E49E2886C5FDEA36281E6 /* CLIArgsBuilder.swift in Sources */,
				D087DCC7408A760204D62F87 /* CapabilitiesService.swift in Sources */,
				D1745BAC50AB625B8B4AD178 /* ChatMessage.swift in Sources */,
				43E8A33E0484F8C7A117929D /* ConversionPlan.swift in Sources */,
				555B7323A39B9BD97A766B44 /* DiagnosticsBundle.swift in Sources */,
				6D1E60F17B76C9066EAEADFC /* ExamplesService.swift in Sources */,
				0D081CBA0C9D9CA09E965544 /* ExpertLabSheet.swift in Sources */,
				F904F16D695D501680DE6196 /* GenerateModelCardSheet.swift in Sources */,
				411D22571A36869118D0CB81 /* InferenceRunner.swift in Sources */,
				66088183C87E8C622FB3A00A /* InfoHint.swift in Sources */,
				926025EF1F0ACF5EB34C94A9 /* IntentPruneCLIArgsBuilder.swift in Sources */,
				1350DC561DC1FA5F6526A645 /* IntentPruneModels.swift in Sources */,
				D98417FDCFA1538BC4E3881E /* IntentPruneView.swift in Sources */,
				7155D2E71F2E7AD410654781 /* IntentPruneViewModel.swift in Sources */,
				8073F87A5DB5F74B4455F991 /* JANGStudioApp.swift in Sources */,
				9480E209FB0E63DFC3C755D1 /* JSONLProgressParser.swift in Sources */,
				9A50B4212901B90908B5BD5D /* ModelCardService.swift in Sources */,
				98D7410C9F766F583CE8623C /* PostConvertVerifier.swift in Sources */,
				EA46E2BFBBBAE46976D29566 /* PreflightCheck.swift in Sources */,
				FD263D5758D9380EB2DF7C4E /* PreflightRunner.swift in Sources */,
				260ECD26CBB403C8D542EBA4 /* PrequantPruneSheet.swift in Sources */,
				3C7221B8650EEAA9127455F4 /* ProfileStep.swift in Sources */,
				E4B0B2229E63F2A6A18B3A4B /* ProfilesService.swift in Sources */,
				D62D076907E51839A85394A7 /* ProgressEvent.swift in Sources */,
				25C84B0C74922EE8949D4919 /* PublishService.swift in Sources */,
				205C14AFA0822C693EADFF4E /* PublishToHuggingFaceSheet.swift in Sources */,
				83996BFAB6CC4FC91EB1D101 /* PythonCLIInvoker.swift in Sources */,
				5CF3EB0BD85E74F7C4A75946 /* PythonRunner.swift in Sources */,
				8C6B306BA4E1A53E53827F7D /* QuantizationGuide.swift in Sources */,
				268698DABB093D7C391FC033 /* RecommendationService.swift in Sources */,
				42CC99F4C90F03FD1B6E9B47 /* RunStep.swift in Sources */,
				B775DFA18A0AF1B202DB3764 /* SettingsWindow.swift in Sources */,
				33F6AA5CCCA39B8E97910D8A /* SourceStep.swift in Sources */,
				B278F8B8B2628792A05E7D80 /* TestInferenceSheet.swift in Sources */,
				641152AD3B374C0ACFBFE03C /* TestInferenceViewModel.swift in Sources */,
				FE6BD7DE5ECCD478F3272824 /* UsageExamplesSheet.swift in Sources */,
				E1742144DDF72A4CB64AF44B /* VerifyCheck.swift in Sources */,
				54499F2A52093FDEC1EE83C6 /* VerifyStep.swift in Sources */,
				2CA760527194D4934549CBB9 /* WizardCoordinator.swift in Sources */,
			);
			runOnlyForDeploymentPostprocessing = 0;
		};
/* End PBXSourcesBuildPhase section */

/* Begin PBXTargetDependency section */
		824B52413827BEBE1DE9DE99 /* PBXTargetDependency */ = {
			isa = PBXTargetDependency;
			target = AB0DED9685435B483219CC32 /* JANGStudio */;
			targetProxy = 0028C3218391F535DC0BAE35 /* PBXContainerItemProxy */;
		};
		871C9E6B8F51435F2C526D89 /* PBXTargetDependency */ = {
			isa = PBXTargetDependency;
			target = AB0DED9685435B483219CC32 /* JANGStudio */;
			targetProxy = 1CE2475E34C66BAB13D6FE6B /* PBXContainerItemProxy */;
		};
/* End PBXTargetDependency section */

/* Begin XCBuildConfiguration section */
		258D2AE31856888D7CA7B597 /* Debug */ = {
			isa = XCBuildConfiguration;
			buildSettings = {
				BUNDLE_LOADER = "$(TEST_HOST)";
				CODE_SIGNING_REQUIRED = NO;
				CODE_SIGN_IDENTITY = "-";
				COMBINE_HIDPI_IMAGES = YES;
				GENERATE_INFOPLIST_FILE = YES;
				LD_RUNPATH_SEARCH_PATHS = (
					"$(inherited)",
					"@executable_path/../Frameworks",
					"@loader_path/../Frameworks",
				);
				PRODUCT_BUNDLE_IDENTIFIER = ai.jangq.JANGStudioTests;
				SDKROOT = macosx;
				TEST_HOST = "$(BUILT_PRODUCTS_DIR)/JANGStudio.app/Contents/MacOS/JANGStudio";
			};
			name = Debug;
		};
		2F6B3E667D306DD9EF49B697 /* Debug */ = {
			isa = XCBuildConfiguration;
			buildSettings = {
				ASSETCATALOG_COMPILER_APPICON_NAME = AppIcon;
				CODE_SIGN_ENTITLEMENTS = JANGStudio/Resources/JANGStudio.entitlements;
				COMBINE_HIDPI_IMAGES = YES;
				INFOPLIST_FILE = JANGStudio/Resources/Info.plist;
				LD_RUNPATH_SEARCH_PATHS = (
					"$(inherited)",
					"@executable_path/../Frameworks",
				);
				PRODUCT_BUNDLE_IDENTIFIER = ai.jangq.JANGStudio;
				SDKROOT = macosx;
			};
			name = Debug;
		};
		61E7885FF373A9EFB7EC1A82 /* Debug */ = {
			isa = XCBuildConfiguration;
			buildSettings = {
				ALWAYS_SEARCH_USER_PATHS = NO;
				CLANG_ANALYZER_NONNULL = YES;
				CLANG_ANALYZER_NUMBER_OBJECT_CONVERSION = YES_AGGRESSIVE;
				CLANG_CXX_LANGUAGE_STANDARD = "gnu++14";
				CLANG_CXX_LIBRARY = "libc++";
				CLANG_ENABLE_MODULES = YES;
				CLANG_ENABLE_OBJC_ARC = YES;
				CLANG_ENABLE_OBJC_WEAK = YES;
				CLANG_WARN_BLOCK_CAPTURE_AUTORELEASING = YES;
				CLANG_WARN_BOOL_CONVERSION = YES;
				CLANG_WARN_COMMA = YES;
				CLANG_WARN_CONSTANT_CONVERSION = YES;
				CLANG_WARN_DEPRECATED_OBJC_IMPLEMENTATIONS = YES;
				CLANG_WARN_DIRECT_OBJC_ISA_USAGE = YES_ERROR;
				CLANG_WARN_DOCUMENTATION_COMMENTS = YES;
				CLANG_WARN_EMPTY_BODY = YES;
				CLANG_WARN_ENUM_CONVERSION = YES;
				CLANG_WARN_INFINITE_RECURSION = YES;
				CLANG_WARN_INT_CONVERSION = YES;
				CLANG_WARN_NON_LITERAL_NULL_CONVERSION = YES;
				CLANG_WARN_OBJC_IMPLICIT_RETAIN_SELF = YES;
				CLANG_WARN_OBJC_LITERAL_CONVERSION = YES;
				CLANG_WARN_OBJC_ROOT_CLASS = YES_ERROR;
				CLANG_WARN_QUOTED_INCLUDE_IN_FRAMEWORK_HEADER = YES;
				CLANG_WARN_RANGE_LOOP_ANALYSIS = YES;
				CLANG_WARN_STRICT_PROTOTYPES = YES;
				CLANG_WARN_SUSPICIOUS_MOVE = YES;
				CLANG_WARN_UNGUARDED_AVAILABILITY = YES_AGGRESSIVE;
				CLANG_WARN_UNREACHABLE_CODE = YES;
				CLANG_WARN__DUPLICATE_METHOD_MATCH = YES;
				CODE_SIGN_IDENTITY = "-";
				COPY_PHASE_STRIP = NO;
				CURRENT_PROJECT_VERSION = 2;
				DEBUG_INFORMATION_FORMAT = dwarf;
				DEVELOPMENT_TEAM = "";
				ENABLE_HARDENED_RUNTIME = YES;
				ENABLE_STRICT_OBJC_MSGSEND = YES;
				ENABLE_TESTABILITY = YES;
				GCC_C_LANGUAGE_STANDARD = gnu11;
				GCC_DYNAMIC_NO_PIC = NO;
				GCC_NO_COMMON_BLOCKS = YES;
				GCC_OPTIMIZATION_LEVEL = 0;
				GCC_PREPROCESSOR_DEFINITIONS = (
					"$(inherited)",
					"DEBUG=1",
				);
				GCC_WARN_64_TO_32_BIT_CONVERSION = YES;
				GCC_WARN_ABOUT_RETURN_TYPE = YES_ERROR;
				GCC_WARN_UNDECLARED_SELECTOR = YES;
				GCC_WARN_UNINITIALIZED_AUTOS = YES_AGGRESSIVE;
				GCC_WARN_UNUSED_FUNCTION = YES;
				GCC_WARN_UNUSED_VARIABLE = YES;
				MACOSX_DEPLOYMENT_TARGET = 15.0;
				MARKETING_VERSION = 1.0.1;
				MTL_ENABLE_DEBUG_INFO = INCLUDE_SOURCE;
				MTL_FAST_MATH = YES;
				ONLY_ACTIVE_ARCH = YES;
				PRODUCT_NAME = "$(TARGET_NAME)";
				SDKROOT = macosx;
				SWIFT_ACTIVE_COMPILATION_CONDITIONS = DEBUG;
				SWIFT_OPTIMIZATION_LEVEL = "-Onone";
				SWIFT_VERSION = 6.0;
			};
			name = Debug;
		};
		6A2A6FB6C06B8E00758894AB /* Release */ = {
			isa = XCBuildConfiguration;
			buildSettings = {
				BUNDLE_LOADER = "$(TEST_HOST)";
				CODE_SIGNING_REQUIRED = NO;
				CODE_SIGN_IDENTITY = "-";
				CODE_SIGN_INJECT_BASE_ENTITLEMENTS = NO;
				COMBINE_HIDPI_IMAGES = YES;
				ENABLE_HARDENED_RUNTIME = NO;
				GENERATE_INFOPLIST_FILE = YES;
				LD_RUNPATH_SEARCH_PATHS = (
					"$(inherited)",
					"@executable_path/Frameworks",
					"@loader_path/Frameworks",
				);
				PRODUCT_BUNDLE_IDENTIFIER = ai.jangq.JANGStudioUITests;
				SDKROOT = macosx;
				TEST_TARGET_NAME = JANGStudio;
			};
			name = Release;
		};
		6B6FBE791AF1CC30EECF1945 /* Release */ = {
			isa = XCBuildConfiguration;
			buildSettings = {
				BUNDLE_LOADER = "$(TEST_HOST)";
				CODE_SIGNING_REQUIRED = NO;
				CODE_SIGN_IDENTITY = "-";
				COMBINE_HIDPI_IMAGES = YES;
				GENERATE_INFOPLIST_FILE = YES;
				LD_RUNPATH_SEARCH_PATHS = (
					"$(inherited)",
					"@executable_path/../Frameworks",
					"@loader_path/../Frameworks",
				);
				PRODUCT_BUNDLE_IDENTIFIER = ai.jangq.JANGStudioTests;
				SDKROOT = macosx;
				TEST_HOST = "$(BUILT_PRODUCTS_DIR)/JANGStudio.app/Contents/MacOS/JANGStudio";
			};
			name = Release;
		};
		A66A9F12E43EF35C76D3A550 /* Release */ = {
			isa = XCBuildConfiguration;
			buildSettings = {
				ASSETCATALOG_COMPILER_APPICON_NAME = AppIcon;
				CODE_SIGN_ENTITLEMENTS = JANGStudio/Resources/JANGStudio.entitlements;
				COMBINE_HIDPI_IMAGES = YES;
				INFOPLIST_FILE = JANGStudio/Resources/Info.plist;
				LD_RUNPATH_SEARCH_PATHS = (
					"$(inherited)",
					"@executable_path/../Frameworks",
				);
				PRODUCT_BUNDLE_IDENTIFIER = ai.jangq.JANGStudio;
				SDKROOT = macosx;
			};
			name = Release;
		};
		EE6BADF06B30CD7C85CEA156 /* Release */ = {
			isa = XCBuildConfiguration;
			buildSettings = {
				ALWAYS_SEARCH_USER_PATHS = NO;
				CLANG_ANALYZER_NONNULL = YES;
				CLANG_ANALYZER_NUMBER_OBJECT_CONVERSION = YES_AGGRESSIVE;
				CLANG_CXX_LANGUAGE_STANDARD = "gnu++14";
				CLANG_CXX_LIBRARY = "libc++";
				CLANG_ENABLE_MODULES = YES;
				CLANG_ENABLE_OBJC_ARC = YES;
				CLANG_ENABLE_OBJC_WEAK = YES;
				CLANG_WARN_BLOCK_CAPTURE_AUTORELEASING = YES;
				CLANG_WARN_BOOL_CONVERSION = YES;
				CLANG_WARN_COMMA = YES;
				CLANG_WARN_CONSTANT_CONVERSION = YES;
				CLANG_WARN_DEPRECATED_OBJC_IMPLEMENTATIONS = YES;
				CLANG_WARN_DIRECT_OBJC_ISA_USAGE = YES_ERROR;
				CLANG_WARN_DOCUMENTATION_COMMENTS = YES;
				CLANG_WARN_EMPTY_BODY = YES;
				CLANG_WARN_ENUM_CONVERSION = YES;
				CLANG_WARN_INFINITE_RECURSION = YES;
				CLANG_WARN_INT_CONVERSION = YES;
				CLANG_WARN_NON_LITERAL_NULL_CONVERSION = YES;
				CLANG_WARN_OBJC_IMPLICIT_RETAIN_SELF = YES;
				CLANG_WARN_OBJC_LITERAL_CONVERSION = YES;
				CLANG_WARN_OBJC_ROOT_CLASS = YES_ERROR;
				CLANG_WARN_QUOTED_INCLUDE_IN_FRAMEWORK_HEADER = YES;
				CLANG_WARN_RANGE_LOOP_ANALYSIS = YES;
				CLANG_WARN_STRICT_PROTOTYPES = YES;
				CLANG_WARN_SUSPICIOUS_MOVE = YES;
				CLANG_WARN_UNGUARDED_AVAILABILITY = YES_AGGRESSIVE;
				CLANG_WARN_UNREACHABLE_CODE = YES;
				CLANG_WARN__DUPLICATE_METHOD_MATCH = YES;
				CODE_SIGN_IDENTITY = "-";
				COPY_PHASE_STRIP = NO;
				CURRENT_PROJECT_VERSION = 2;
				DEBUG_INFORMATION_FORMAT = "dwarf-with-dsym";
				DEVELOPMENT_TEAM = "";
				ENABLE_HARDENED_RUNTIME = YES;
				ENABLE_NS_ASSERTIONS = NO;
				ENABLE_STRICT_OBJC_MSGSEND = YES;
				GCC_C_LANGUAGE_STANDARD = gnu11;
				GCC_NO_COMMON_BLOCKS = YES;
				GCC_WARN_64_TO_32_BIT_CONVERSION = YES;
				GCC_WARN_ABOUT_RETURN_TYPE = YES_ERROR;
				GCC_WARN_UNDECLARED_SELECTOR = YES;
				GCC_WARN_UNINITIALIZED_AUTOS = YES_AGGRESSIVE;
				GCC_WARN_UNUSED_FUNCTION = YES;
				GCC_WARN_UNUSED_VARIABLE = YES;
				MACOSX_DEPLOYMENT_TARGET = 15.0;
				MARKETING_VERSION = 1.0.1;
				MTL_ENABLE_DEBUG_INFO = NO;
				MTL_FAST_MATH = YES;
				PRODUCT_NAME = "$(TARGET_NAME)";
				SDKROOT = macosx;
				SWIFT_COMPILATION_MODE = wholemodule;
				SWIFT_OPTIMIZATION_LEVEL = "-O";
				SWIFT_VERSION = 6.0;
			};
			name = Release;
		};
		F4F9C89E9765FF74F3AAF35C /* Debug */ = {
			isa = XCBuildConfiguration;
			buildSettings = {
				BUNDLE_LOADER = "$(TEST_HOST)";
				CODE_SIGNING_REQUIRED = NO;
				CODE_SIGN_IDENTITY = "-";
				CODE_SIGN_INJECT_BASE_ENTITLEMENTS = NO;
				COMBINE_HIDPI_IMAGES = YES;
				ENABLE_HARDENED_RUNTIME = NO;
				GENERATE_INFOPLIST_FILE = YES;
				LD_RUNPATH_SEARCH_PATHS = (
					"$(inherited)",
					"@executable_path/Frameworks",
					"@loader_path/Frameworks",
				);
				PRODUCT_BUNDLE_IDENTIFIER = ai.jangq.JANGStudioUITests;
				SDKROOT = macosx;
				TEST_TARGET_NAME = JANGStudio;
			};
			name = Debug;
		};
/* End XCBuildConfiguration section */

/* Begin XCConfigurationList section */
		7685FA44F7B5A1A4DF2FEEE4 /* Build configuration list for PBXNativeTarget "JANGStudioTests" */ = {
			isa = XCConfigurationList;
			buildConfigurations = (
				258D2AE31856888D7CA7B597 /* Debug */,
				6B6FBE791AF1CC30EECF1945 /* Release */,
			);
			defaultConfigurationIsVisible = 0;
			defaultConfigurationName = Debug;
		};
		8B4315BE188271A01138CE60 /* Build configuration list for PBXNativeTarget "JANGStudioUITests" */ = {
			isa = XCConfigurationList;
			buildConfigurations = (
				F4F9C89E9765FF74F3AAF35C /* Debug */,
				6A2A6FB6C06B8E00758894AB /* Release */,
			);
			defaultConfigurationIsVisible = 0;
			defaultConfigurationName = Debug;
		};
		C73A87BCC2E34056120D63A6 /* Build configuration list for PBXNativeTarget "JANGStudio" */ = {
			isa = XCConfigurationList;
			buildConfigurations = (
				2F6B3E667D306DD9EF49B697 /* Debug */,
				A66A9F12E43EF35C76D3A550 /* Release */,
			);
			defaultConfigurationIsVisible = 0;
			defaultConfigurationName = Debug;
		};
		E8EA1C589AEF28714BD586D0 /* Build configuration list for PBXProject "JANGStudio" */ = {
			isa = XCConfigurationList;
			buildConfigurations = (
				61E7885FF373A9EFB7EC1A82 /* Debug */,
				EE6BADF06B30CD7C85CEA156 /* Release */,
			);
			defaultConfigurationIsVisible = 0;
			defaultConfigurationName = Debug;
		};
/* End XCConfigurationList section */

/* Begin XCLocalSwiftPackageReference section */
		C204975A3A56EB5A1F36B37B /* XCLocalSwiftPackageReference "../jang-runtime" */ = {
			isa = XCLocalSwiftPackageReference;
			relativePath = "../jang-runtime";
		};
/* End XCLocalSwiftPackageReference section */

/* Begin XCSwiftPackageProductDependency section */
		128CDB5E833B7DB0C551B49C /* JANGKit */ = {
			isa = XCSwiftPackageProductDependency;
			productName = JANGKit;
		};
		60E21D9FBF4FA568C542D856 /* JANGExpertLab */ = {
			isa = XCSwiftPackageProductDependency;
			productName = JANGExpertLab;
		};
/* End XCSwiftPackageProductDependency section */
	};
	rootObject = D324A78A6B759B0FB34C620F /* Project object */;
}
